
Microsoft Visual Studio Solution File, Format Version 12.00
# Visual Studio Version 17
VisualStudioVersion = 17.8.34322.80
MinimumVisualStudioVersion = 10.0.40219.1
Project("{FAE04EC0-301F-11D3-BF4B-00C04F79EFBC}") = "ODataDemo.WebApi", "ODataDemo.WebApi\ODataDemo.WebApi.csproj", "{29CD8544-D69C-4734-93B5-7B5B4DF11EDD}"
EndProject
Project("{9A19103F-16F7-4668-BE54-9A1E7A4F7556}") = "ODataDemo.IntegrationTests", "ODataDemo.IntegrationTests\ODataDemo.IntegrationTests.csproj", "{432A6D63-7E68-4A48-93EA-FAA39C46C556}"
EndProject
Global
	GlobalSection(SolutionConfigurationPlatforms) = preSolution
		Debug|Any CPU = Debug|Any CPU
		Release|Any CPU = Release|Any CPU
	EndGlobalSection
	GlobalSection(ProjectConfigurationPlatforms) = postSolution
		{29CD8544-D69C-4734-93B5-7B5B4DF11EDD}.Debug|Any CPU.ActiveCfg = Debug|Any CPU
		{29CD8544-D69C-4734-93B5-7B5B4DF11EDD}.Debug|Any CPU.Build.0 = Debug|Any CPU
		{29CD8544-D69C-4734-93B5-7B5B4DF11EDD}.Release|Any CPU.ActiveCfg = Release|Any CPU
		{29CD8544-D69C-4734-93B5-7B5B4DF11EDD}.Release|Any CPU.Build.0 = Release|Any CPU
		{432A6D63-7E68-4A48-93EA-FAA39C46C556}.Debug|Any CPU.ActiveCfg = Debug|Any CPU
		{432A6D63-7E68-4A48-93EA-FAA39C46C556}.Debug|Any CPU.Build.0 = Debug|Any CPU
		{432A6D63-7E68-4A48-93EA-FAA39C46C556}.Release|Any CPU.ActiveCfg = Release|Any CPU
		{432A6D63-7E68-4A48-93EA-FAA39C46C556}.Release|Any CPU.Build.0 = Release|Any CPU
	EndGlobalSection
	GlobalSection(SolutionProperties) = preSolution
		HideSolutionNode = FALSE
	EndGlobalSection
	GlobalSection(ExtensibilityGlobals) = postSolution
		SolutionGuid = {EED543B1-9C14-432B-8E46-AE583A8B8067}
	EndGlobalSection
EndGlobal
